// !$*UTF8*$!
{
	archiveVersion = 1;
	classes = {
	};
	objectVersion = 46;
	objects = {

/* Begin PBXFileReference section */
		D62CF5791A161409007388E1 /* c6t.c */ = {isa = PBXFileReference; lastKnownFileType = sourcecode.c.c; path = c6t.c; sourceTree = "<group>"; };
		D62CF57A1A161409007388E1 /* c6t.h */ = {isa = PBXFileReference; lastKnownFileType = sourcecode.c.h; path = c6t.h; sourceTree = "<group>"; };
		D62CF5801A161409007388E1 /* cexample.c */ = {isa = PBXFileReference; lastKnownFileType = sourcecode.c.c; path = cexample.c; sourceTree = "<group>"; };
		D62CF5811A161409007388E1 /* cexample.h */ = {isa = PBXFileReference; lastKnownFileType = sourcecode.c.h; path = cexample.h; sourceTree = "<group>"; };
		D62CF5831A161409007388E1 /* cinfo.c */ = {isa = PBXFileReference; lastKnownFileType = sourcecode.c.c; path = cinfo.c; sourceTree = "<group>"; };
		D62CF5841A161409007388E1 /* cinfo.h */ = {isa = PBXFileReference; lastKnownFileType = sourcecode.c.h; path = cinfo.h; sourceTree = "<group>"; };
		D62CF5851A161409007388E1 /* cinfo.py */ = {isa = PBXFileReference; lastKnownFileType = text.script.python; path = cinfo.py; sourceTree = "<group>"; };
		D62CF5871A161409007388E1 /* cleds.c */ = {isa = PBXFileReference; lastKnownFileType = sourcecode.c.c; path = cleds.c; sourceTree = "<group>"; };
		D62CF5881A161409007388E1 /* cleds.dox */ = {isa = PBXFileReference; lastKnownFileType = text; path = cleds.dox; sourceTree = "<group>"; };
		D62CF5891A161409007388E1 /* cleds.h */ = {isa = PBXFileReference; lastKnownFileType = sourcecode.c.h; path = cleds.h; sourceTree = "<group>"; };
		D62CF58A1A161409007388E1 /* cleds.py */ = {isa = PBXFileReference; lastKnownFileType = text.script.python; path = cleds.py; sourceTree = "<group>"; };
		D62CF58C1A161409007388E1 /* cstorm.c */ = {isa = PBXFileReference; lastKnownFileType = sourcecode.c.c; path = cstorm.c; sourceTree = "<group>"; };
		D62CF58D1A161409007388E1 /* cstorm.h */ = {isa = PBXFileReference; lastKnownFileType = sourcecode.c.h; path = cstorm.h; sourceTree = "<group>"; };
		D62CF58F1A161409007388E1 /* cwellknown.c */ = {isa = PBXFileReference; lastKnownFileType = sourcecode.c.c; path = cwellknown.c; sourceTree = "<group>"; };
		D62CF5901A161409007388E1 /* cwellknown.h */ = {isa = PBXFileReference; lastKnownFileType = sourcecode.c.h; path = cwellknown.h; sourceTree = "<group>"; };
		D62CF5911A161409007388E1 /* cwellknown.py */ = {isa = PBXFileReference; lastKnownFileType = text.script.python; path = cwellknown.py; sourceTree = "<group>"; };
		D62CF5921A161409007388E1 /* openapps.c */ = {isa = PBXFileReference; lastKnownFileType = sourcecode.c.c; path = openapps.c; sourceTree = "<group>"; };
		D62CF5931A161409007388E1 /* openapps.h */ = {isa = PBXFileReference; lastKnownFileType = sourcecode.c.h; path = openapps.h; sourceTree = "<group>"; };
		D62CF5941A161409007388E1 /* README.md */ = {isa = PBXFileReference; lastKnownFileType = net.daringfireball.markdown; path = README.md; sourceTree = "<group>"; };
		D62CF5951A161409007388E1 /* SConscript */ = {isa = PBXFileReference; lastKnownFileType = text; path = SConscript; sourceTree = "<group>"; };
		D62CF5971A161409007388E1 /* techo.c */ = {isa = PBXFileReference; lastKnownFileType = sourcecode.c.c; path = techo.c; sourceTree = "<group>"; };
		D62CF5981A161409007388E1 /* techo.dox */ = {isa = PBXFileReference; lastKnownFileType = text; path = techo.dox; sourceTree = "<group>"; };
		D62CF5991A161409007388E1 /* techo.h */ = {isa = PBXFileReference; lastKnownFileType = sourcecode.c.h; path = techo.h; sourceTree = "<group>"; };
		D62CF59B1A161409007388E1 /* tohlone.c */ = {isa = PBXFileReference; lastKnownFileType = sourcecode.c.c; path = tohlone.c; sourceTree = "<group>"; };
		D62CF59C1A161409007388E1 /* tohlone.dox */ = {isa = PBXFileReference; lastKnownFileType = text; path = tohlone.dox; sourceTree = "<group>"; };
		D62CF59D1A161409007388E1 /* tohlone.h */ = {isa = PBXFileReference; lastKnownFileType = sourcecode.c.h; path = tohlone.h; sourceTree = "<group>"; };
		D62CF59E1A161409007388E1 /* tohlone_webpages.c */ = {isa = PBXFileReference; lastKnownFileType = sourcecode.c.c; path = tohlone_webpages.c; sourceTree = "<group>"; };
		D62CF59F1A161409007388E1 /* tohlone_webpages.h */ = {isa = PBXFileReference; lastKnownFileType = sourcecode.c.h; path = tohlone_webpages.h; sourceTree = "<group>"; };
		D62CF5A11A161409007388E1 /* uecho.c */ = {isa = PBXFileReference; lastKnownFileType = sourcecode.c.c; path = uecho.c; sourceTree = "<group>"; };
		D62CF5A21A161409007388E1 /* uecho.dox */ = {isa = PBXFileReference; lastKnownFileType = text; path = uecho.dox; sourceTree = "<group>"; };
		D62CF5A31A161409007388E1 /* uecho.h */ = {isa = PBXFileReference; lastKnownFileType = sourcecode.c.h; path = uecho.h; sourceTree = "<group>"; };
		D62CF5A41A161409007388E1 /* uecho.py */ = {isa = PBXFileReference; lastKnownFileType = text.script.python; path = uecho.py; sourceTree = "<group>"; };
		D6AA82BF1A2DCCA700C11546 /* opendefs.h */ = {isa = PBXFileReference; lastKnownFileType = sourcecode.c.h; path = opendefs.h; sourceTree = "<group>"; };
		D6AA82C01A2DCCA700C11546 /* README.md */ = {isa = PBXFileReference; lastKnownFileType = net.daringfireball.markdown; path = README.md; sourceTree = "<group>"; };
		D6AA82C11A2DCCA700C11546 /* SConscript */ = {isa = PBXFileReference; lastKnownFileType = text; path = SConscript; sourceTree = "<group>"; };
		D6C48C7319E7FDBA00E9071B /* adaptive_sync.c */ = {isa = PBXFileReference; lastKnownFileType = sourcecode.c.c; path = adaptive_sync.c; sourceTree = "<group>"; };
		D6C48C7419E7FDBA00E9071B /* adaptive_sync.h */ = {isa = PBXFileReference; lastKnownFileType = sourcecode.c.h; path = adaptive_sync.h; sourceTree = "<group>"; };
		D6C48C7519E7FDBA00E9071B /* IEEE802154.c */ = {isa = PBXFileReference; lastKnownFileType = sourcecode.c.c; path = IEEE802154.c; sourceTree = "<group>"; };
		D6C48C7619E7FDBA00E9071B /* IEEE802154.dox */ = {isa = PBXFileReference; lastKnownFileType = text; path = IEEE802154.dox; sourceTree = "<group>"; };
		D6C48C7719E7FDBA00E9071B /* IEEE802154.h */ = {isa = PBXFileReference; lastKnownFileType = sourcecode.c.h; path = IEEE802154.h; sourceTree = "<group>"; };
		D6C48C7819E7FDBA00E9071B /* IEEE802154E.c */ = {isa = PBXFileReference; lastKnownFileType = sourcecode.c.c; path = IEEE802154E.c; sourceTree = "<group>"; };
		D6C48C7919E7FDBA00E9071B /* IEEE802154E.dox */ = {isa = PBXFileReference; lastKnownFileType = text; path = IEEE802154E.dox; sourceTree = "<group>"; };
		D6C48C7A19E7FDBA00E9071B /* IEEE802154E.h */ = {isa = PBXFileReference; lastKnownFileType = sourcecode.c.h; path = IEEE802154E.h; sourceTree = "<group>"; };
		D6C48C7B19E7FDBA00E9071B /* maclow.dox */ = {isa = PBXFileReference; lastKnownFileType = text; path = maclow.dox; sourceTree = "<group>"; };
		D6C48C7C19E7FDBA00E9071B /* topology.c */ = {isa = PBXFileReference; lastKnownFileType = sourcecode.c.c; path = topology.c; sourceTree = "<group>"; };
		D6C48C7D19E7FDBA00E9071B /* topology.h */ = {isa = PBXFileReference; lastKnownFileType = sourcecode.c.h; path = topology.h; sourceTree = "<group>"; };
		D6C48C7F19E7FDBA00E9071B /* machigh.dox */ = {isa = PBXFileReference; lastKnownFileType = text; path = machigh.dox; sourceTree = "<group>"; };
		D6C48C8019E7FDBA00E9071B /* neigbors.dox */ = {isa = PBXFileReference; lastKnownFileType = text; path = neigbors.dox; sourceTree = "<group>"; };
		D6C48C8119E7FDBA00E9071B /* neighbors.c */ = {isa = PBXFileReference; lastKnownFileType = sourcecode.c.c; path = neighbors.c; sourceTree = "<group>"; };
		D6C48C8219E7FDBA00E9071B /* neighbors.h */ = {isa = PBXFileReference; lastKnownFileType = sourcecode.c.h; path = neighbors.h; sourceTree = "<group>"; };
		D6C48C8319E7FDBA00E9071B /* otf.c */ = {isa = PBXFileReference; lastKnownFileType = sourcecode.c.c; path = otf.c; sourceTree = "<group>"; };
		D6C48C8419E7FDBA00E9071B /* otf.dox */ = {isa = PBXFileReference; lastKnownFileType = text; path = otf.dox; sourceTree = "<group>"; };
		D6C48C8519E7FDBA00E9071B /* otf.h */ = {isa = PBXFileReference; lastKnownFileType = sourcecode.c.h; path = otf.h; sourceTree = "<group>"; };
		D6C48C8619E7FDBA00E9071B /* processIE.c */ = {isa = PBXFileReference; lastKnownFileType = sourcecode.c.c; path = processIE.c; sourceTree = "<group>"; };
		D6C48C8719E7FDBA00E9071B /* processIE.h */ = {isa = PBXFileReference; lastKnownFileType = sourcecode.c.h; path = processIE.h; sourceTree = "<group>"; };
		D6C48C8819E7FDBA00E9071B /* schedule.c */ = {isa = PBXFileReference; lastKnownFileType = sourcecode.c.c; path = schedule.c; sourceTree = "<group>"; };
		D6C48C8919E7FDBA00E9071B /* schedule.dox */ = {isa = PBXFileReference; lastKnownFileType = text; path = schedule.dox; sourceTree = "<group>"; };
		D6C48C8A19E7FDBA00E9071B /* schedule.h */ = {isa = PBXFileReference; lastKnownFileType = sourcecode.c.h; path = schedule.h; sourceTree = "<group>"; };
		D6C48C8B19E7FDBA00E9071B /* sixtop.c */ = {isa = PBXFileReference; lastKnownFileType = sourcecode.c.c; path = sixtop.c; sourceTree = "<group>"; };
		D6C48C8C19E7FDBA00E9071B /* sixtop.dox */ = {isa = PBXFileReference; lastKnownFileType = text; path = sixtop.dox; sourceTree = "<group>"; };
		D6C48C8D19E7FDBA00E9071B /* sixtop.h */ = {isa = PBXFileReference; lastKnownFileType = sourcecode.c.h; path = sixtop.h; sourceTree = "<group>"; };
		D6C48C8F19E7FDBA00E9071B /* iphc.c */ = {isa = PBXFileReference; lastKnownFileType = sourcecode.c.c; path = iphc.c; sourceTree = "<group>"; };
		D6C48C9019E7FDBA00E9071B /* iphc.dox */ = {isa = PBXFileReference; lastKnownFileType = text; path = iphc.dox; sourceTree = "<group>"; };
		D6C48C9119E7FDBA00E9071B /* iphc.h */ = {isa = PBXFileReference; lastKnownFileType = sourcecode.c.h; path = iphc.h; sourceTree = "<group>"; };
		D6C48C9219E7FDBA00E9071B /* lowpan.dox */ = {isa = PBXFileReference; lastKnownFileType = text; path = lowpan.dox; sourceTree = "<group>"; };
		D6C48C9319E7FDBA00E9071B /* openbridge.c */ = {isa = PBXFileReference; lastKnownFileType = sourcecode.c.c; path = openbridge.c; sourceTree = "<group>"; };
		D6C48C9419E7FDBA00E9071B /* openbridge.dox */ = {isa = PBXFileReference; lastKnownFileType = text; path = openbridge.dox; sourceTree = "<group>"; };
		D6C48C9519E7FDBA00E9071B /* openbridge.h */ = {isa = PBXFileReference; lastKnownFileType = sourcecode.c.h; path = openbridge.h; sourceTree = "<group>"; };
		D6C48C9719E7FDBA00E9071B /* forwarding.c */ = {isa = PBXFileReference; lastKnownFileType = sourcecode.c.c; path = forwarding.c; sourceTree = "<group>"; };
		D6C48C9819E7FDBA00E9071B /* forwarding.dox */ = {isa = PBXFileReference; lastKnownFileType = text; path = forwarding.dox; sourceTree = "<group>"; };
		D6C48C9919E7FDBA00E9071B /* forwarding.h */ = {isa = PBXFileReference; lastKnownFileType = sourcecode.c.h; path = forwarding.h; sourceTree = "<group>"; };
		D6C48C9A19E7FDBA00E9071B /* icmpv6.c */ = {isa = PBXFileReference; lastKnownFileType = sourcecode.c.c; path = icmpv6.c; sourceTree = "<group>"; };
		D6C48C9B19E7FDBA00E9071B /* icmpv6.dox */ = {isa = PBXFileReference; lastKnownFileType = text; path = icmpv6.dox; sourceTree = "<group>"; };
		D6C48C9C19E7FDBA00E9071B /* icmpv6.h */ = {isa = PBXFileReference; lastKnownFileType = sourcecode.c.h; path = icmpv6.h; sourceTree = "<group>"; };
		D6C48C9D19E7FDBA00E9071B /* icmpv6echo.c */ = {isa = PBXFileReference; lastKnownFileType = sourcecode.c.c; path = icmpv6echo.c; sourceTree = "<group>"; };
		D6C48C9E19E7FDBA00E9071B /* icmpv6echo.dox */ = {isa = PBXFileReference; lastKnownFileType = text; path = icmpv6echo.dox; sourceTree = "<group>"; };
		D6C48C9F19E7FDBA00E9071B /* icmpv6echo.h */ = {isa = PBXFileReference; lastKnownFileType = sourcecode.c.h; path = icmpv6echo.h; sourceTree = "<group>"; };
		D6C48CA019E7FDBA00E9071B /* icmpv6rpl.c */ = {isa = PBXFileReference; lastKnownFileType = sourcecode.c.c; path = icmpv6rpl.c; sourceTree = "<group>"; };
		D6C48CA119E7FDBA00E9071B /* icmpv6rpl.dox */ = {isa = PBXFileReference; lastKnownFileType = text; path = icmpv6rpl.dox; sourceTree = "<group>"; };
		D6C48CA219E7FDBA00E9071B /* icmpv6rpl.h */ = {isa = PBXFileReference; lastKnownFileType = sourcecode.c.h; path = icmpv6rpl.h; sourceTree = "<group>"; };
		D6C48CA319E7FDBA00E9071B /* ipv6.dox */ = {isa = PBXFileReference; lastKnownFileType = text; path = ipv6.dox; sourceTree = "<group>"; };
		D6C48CA519E7FDBA00E9071B /* opencoap.c */ = {isa = PBXFileReference; lastKnownFileType = sourcecode.c.c; path = opencoap.c; sourceTree = "<group>"; };
		D6C48CA619E7FDBA00E9071B /* opencoap.h */ = {isa = PBXFileReference; lastKnownFileType = sourcecode.c.h; path = opencoap.h; sourceTree = "<group>"; };
		D6C48CA719E7FDBA00E9071B /* opentcp.c */ = {isa = PBXFileReference; lastKnownFileType = sourcecode.c.c; path = opentcp.c; sourceTree = "<group>"; };
		D6C48CA819E7FDBA00E9071B /* opentcp.dox */ = {isa = PBXFileReference; lastKnownFileType = text; path = opentcp.dox; sourceTree = "<group>"; };
		D6C48CA919E7FDBA00E9071B /* opentcp.h */ = {isa = PBXFileReference; lastKnownFileType = sourcecode.c.h; path = opentcp.h; sourceTree = "<group>"; };
		D6C48CAA19E7FDBA00E9071B /* openudp.c */ = {isa = PBXFileReference; lastKnownFileType = sourcecode.c.c; path = openudp.c; sourceTree = "<group>"; };
		D6C48CAB19E7FDBA00E9071B /* openudp.dox */ = {isa = PBXFileReference; lastKnownFileType = text; path = openudp.dox; sourceTree = "<group>"; };
		D6C48CAC19E7FDBA00E9071B /* openudp.h */ = {isa = PBXFileReference; lastKnownFileType = sourcecode.c.h; path = openudp.h; sourceTree = "<group>"; };
		D6C48CAD19E7FDBA00E9071B /* transport.dox */ = {isa = PBXFileReference; lastKnownFileType = text; path = transport.dox; sourceTree = "<group>"; };
		D6C48CAF19E7FDBA00E9071B /* cross-layers.dox */ = {isa = PBXFileReference; lastKnownFileType = text; path = "cross-layers.dox"; sourceTree = "<group>"; };
		D6C48CB019E7FDBA00E9071B /* idmanager.c */ = {isa = PBXFileReference; lastKnownFileType = sourcecode.c.c; path = idmanager.c; sourceTree = "<group>"; };
		D6C48CB119E7FDBA00E9071B /* idmanager.dox */ = {isa = PBXFileReference; lastKnownFileType = text; path = idmanager.dox; sourceTree = "<group>"; };
		D6C48CB219E7FDBA00E9071B /* idmanager.h */ = {isa = PBXFileReference; lastKnownFileType = sourcecode.c.h; path = idmanager.h; sourceTree = "<group>"; };
		D6C48CB319E7FDBA00E9071B /* openqueue.c */ = {isa = PBXFileReference; lastKnownFileType = sourcecode.c.c; path = openqueue.c; sourceTree = "<group>"; };
		D6C48CB419E7FDBA00E9071B /* openqueue.dox */ = {isa = PBXFileReference; lastKnownFileType = text; path = openqueue.dox; sourceTree = "<group>"; };
		D6C48CB519E7FDBA00E9071B /* openqueue.h */ = {isa = PBXFileReference; lastKnownFileType = sourcecode.c.h; path = openqueue.h; sourceTree = "<group>"; };
		D6C48CB619E7FDBA00E9071B /* openrandom.c */ = {isa = PBXFileReference; lastKnownFileType = sourcecode.c.c; path = openrandom.c; sourceTree = "<group>"; };
		D6C48CB719E7FDBA00E9071B /* openrandom.dox */ = {isa = PBXFileReference; lastKnownFileType = text; path = openrandom.dox; sourceTree = "<group>"; };
		D6C48CB819E7FDBA00E9071B /* openrandom.h */ = {isa = PBXFileReference; lastKnownFileType = sourcecode.c.h; path = openrandom.h; sourceTree = "<group>"; };
		D6C48CB919E7FDBA00E9071B /* packetfunctions.c */ = {isa = PBXFileReference; lastKnownFileType = sourcecode.c.c; path = packetfunctions.c; sourceTree = "<group>"; };
		D6C48CBA19E7FDBA00E9071B /* packetfunctions.dox */ = {isa = PBXFileReference; lastKnownFileType = text; path = packetfunctions.dox; sourceTree = "<group>"; };
		D6C48CBB19E7FDBA00E9071B /* packetfunctions.h */ = {isa = PBXFileReference; lastKnownFileType = sourcecode.c.h; path = packetfunctions.h; sourceTree = "<group>"; };
		D6C48CBC19E7FDBA00E9071B /* openstack.c */ = {isa = PBXFileReference; lastKnownFileType = sourcecode.c.c; path = openstack.c; sourceTree = "<group>"; };
		D6C48CBD19E7FDBA00E9071B /* openstack.h */ = {isa = PBXFileReference; lastKnownFileType = sourcecode.c.h; path = openstack.h; sourceTree = "<group>"; };
		D6C48CBE19E7FDBA00E9071B /* README.md */ = {isa = PBXFileReference; lastKnownFileType = net.daringfireball.markdown; path = README.md; sourceTree = "<group>"; };
		D6C48CBF19E7FDBA00E9071B /* SConscript */ = {isa = PBXFileReference; lastKnownFileType = text; path = SConscript; sourceTree = "<group>"; };
/* End PBXFileReference section */

/* Begin PBXGroup section */
		D62CF5771A161409007388E1 /* openapps */ = {
			isa = PBXGroup;
			children = (
				D62CF5781A161409007388E1 /* c6t */,
				D62CF57F1A161409007388E1 /* cexample */,
				D62CF5821A161409007388E1 /* cinfo */,
				D62CF5861A161409007388E1 /* cleds */,
				D62CF58B1A161409007388E1 /* cstorm */,
				D62CF58E1A161409007388E1 /* cwellknown */,
				D62CF5921A161409007388E1 /* openapps.c */,
				D62CF5931A161409007388E1 /* openapps.h */,
				D62CF5941A161409007388E1 /* README.md */,
				D62CF5951A161409007388E1 /* SConscript */,
				D62CF5961A161409007388E1 /* techo */,
				D62CF59A1A161409007388E1 /* tohlone */,
				D62CF5A01A161409007388E1 /* uecho */,
			);
			path = openapps;
			sourceTree = SOURCE_ROOT;
		};
		D62CF5781A161409007388E1 /* c6t */ = {
			isa = PBXGroup;
			children = (
				D62CF5791A161409007388E1 /* c6t.c */,
				D62CF57A1A161409007388E1 /* c6t.h */,
			);
			path = c6t;
			sourceTree = "<group>";
		};
		D62CF57F1A161409007388E1 /* cexample */ = {
			isa = PBXGroup;
			children = (
				D62CF5801A161409007388E1 /* cexample.c */,
				D62CF5811A161409007388E1 /* cexample.h */,
			);
			path = cexample;
			sourceTree = "<group>";
		};
		D62CF5821A161409007388E1 /* cinfo */ = {
			isa = PBXGroup;
			children = (
				D62CF5831A161409007388E1 /* cinfo.c */,
				D62CF5841A161409007388E1 /* cinfo.h */,
				D62CF5851A161409007388E1 /* cinfo.py */,
			);
			path = cinfo;
			sourceTree = "<group>";
		};
		D62CF5861A161409007388E1 /* cleds */ = {
			isa = PBXGroup;
			children = (
				D62CF5871A161409007388E1 /* cleds.c */,
				D62CF5881A161409007388E1 /* cleds.dox */,
				D62CF5891A161409007388E1 /* cleds.h */,
				D62CF58A1A161409007388E1 /* cleds.py */,
			);
			path = cleds;
			sourceTree = "<group>";
		};
		D62CF58B1A161409007388E1 /* cstorm */ = {
			isa = PBXGroup;
			children = (
				D62CF58C1A161409007388E1 /* cstorm.c */,
				D62CF58D1A161409007388E1 /* cstorm.h */,
			);
			path = cstorm;
			sourceTree = "<group>";
		};
		D62CF58E1A161409007388E1 /* cwellknown */ = {
			isa = PBXGroup;
			children = (
				D62CF58F1A161409007388E1 /* cwellknown.c */,
				D62CF5901A161409007388E1 /* cwellknown.h */,
				D62CF5911A161409007388E1 /* cwellknown.py */,
			);
			path = cwellknown;
			sourceTree = "<group>";
		};
		D62CF5961A161409007388E1 /* techo */ = {
			isa = PBXGroup;
			children = (
				D62CF5971A161409007388E1 /* techo.c */,
				D62CF5981A161409007388E1 /* techo.dox */,
				D62CF5991A161409007388E1 /* techo.h */,
			);
			path = techo;
			sourceTree = "<group>";
		};
		D62CF59A1A161409007388E1 /* tohlone */ = {
			isa = PBXGroup;
			children = (
				D62CF59B1A161409007388E1 /* tohlone.c */,
				D62CF59C1A161409007388E1 /* tohlone.dox */,
				D62CF59D1A161409007388E1 /* tohlone.h */,
				D62CF59E1A161409007388E1 /* tohlone_webpages.c */,
				D62CF59F1A161409007388E1 /* tohlone_webpages.h */,
			);
			path = tohlone;
			sourceTree = "<group>";
		};
		D62CF5A01A161409007388E1 /* uecho */ = {
			isa = PBXGroup;
			children = (
				D62CF5A11A161409007388E1 /* uecho.c */,
				D62CF5A21A161409007388E1 /* uecho.dox */,
				D62CF5A31A161409007388E1 /* uecho.h */,
				D62CF5A41A161409007388E1 /* uecho.py */,
			);
			path = uecho;
			sourceTree = "<group>";
		};
		D696502F19E7FD89009E024D = {
			isa = PBXGroup;
			children = (
				D6AA82BE1A2DCCA700C11546 /* inc */,
				D62CF5771A161409007388E1 /* openapps */,
				D6C48C7119E7FDBA00E9071B /* openstack */,
			);
			sourceTree = "<group>";
		};
		D6AA82BE1A2DCCA700C11546 /* inc */ = {
			isa = PBXGroup;
			children = (
				D6AA82BF1A2DCCA700C11546 /* opendefs.h */,
				D6AA82C01A2DCCA700C11546 /* README.md */,
				D6AA82C11A2DCCA700C11546 /* SConscript */,
			);
			path = inc;
			sourceTree = "<group>";
		};
		D6C48C7119E7FDBA00E9071B /* openstack */ = {
			isa = PBXGroup;
			children = (
				D6C48C7219E7FDBA00E9071B /* 02a-MAClow */,
				D6C48C7E19E7FDBA00E9071B /* 02b-MAChigh */,
				D6C48C8E19E7FDBA00E9071B /* 03a-IPHC */,
				D6C48C9619E7FDBA00E9071B /* 03b-IPv6 */,
				D6C48CA419E7FDBA00E9071B /* 04-TRAN */,
				D6C48CAE19E7FDBA00E9071B /* cross-layers */,
				D6C48CBC19E7FDBA00E9071B /* openstack.c */,
				D6C48CBD19E7FDBA00E9071B /* openstack.h */,
				D6C48CBE19E7FDBA00E9071B /* README.md */,
				D6C48CBF19E7FDBA00E9071B /* SConscript */,
			);
			path = openstack;
			sourceTree = "<group>";
		};
		D6C48C7219E7FDBA00E9071B /* 02a-MAClow */ = {
			isa = PBXGroup;
			children = (
				D6C48C7319E7FDBA00E9071B /* adaptive_sync.c */,
				D6C48C7419E7FDBA00E9071B /* adaptive_sync.h */,
				D6C48C7519E7FDBA00E9071B /* IEEE802154.c */,
				D6C48C7619E7FDBA00E9071B /* IEEE802154.dox */,
				D6C48C7719E7FDBA00E9071B /* IEEE802154.h */,
				D6C48C7819E7FDBA00E9071B /* IEEE802154E.c */,
				D6C48C7919E7FDBA00E9071B /* IEEE802154E.dox */,
				D6C48C7A19E7FDBA00E9071B /* IEEE802154E.h */,
				D6C48C7B19E7FDBA00E9071B /* maclow.dox */,
				D6C48C7C19E7FDBA00E9071B /* topology.c */,
				D6C48C7D19E7FDBA00E9071B /* topology.h */,
			);
			path = "02a-MAClow";
			sourceTree = "<group>";
		};
		D6C48C7E19E7FDBA00E9071B /* 02b-MAChigh */ = {
			isa = PBXGroup;
			children = (
				D6C48C7F19E7FDBA00E9071B /* machigh.dox */,
				D6C48C8019E7FDBA00E9071B /* neigbors.dox */,
				D6C48C8119E7FDBA00E9071B /* neighbors.c */,
				D6C48C8219E7FDBA00E9071B /* neighbors.h */,
				D6C48C8319E7FDBA00E9071B /* otf.c */,
				D6C48C8419E7FDBA00E9071B /* otf.dox */,
				D6C48C8519E7FDBA00E9071B /* otf.h */,
				D6C48C8619E7FDBA00E9071B /* processIE.c */,
				D6C48C8719E7FDBA00E9071B /* processIE.h */,
				D6C48C8819E7FDBA00E9071B /* schedule.c */,
				D6C48C8919E7FDBA00E9071B /* schedule.dox */,
				D6C48C8A19E7FDBA00E9071B /* schedule.h */,
				D6C48C8B19E7FDBA00E9071B /* sixtop.c */,
				D6C48C8C19E7FDBA00E9071B /* sixtop.dox */,
				D6C48C8D19E7FDBA00E9071B /* sixtop.h */,
			);
			path = "02b-MAChigh";
			sourceTree = "<group>";
		};
		D6C48C8E19E7FDBA00E9071B /* 03a-IPHC */ = {
			isa = PBXGroup;
			children = (
				D6C48C8F19E7FDBA00E9071B /* iphc.c */,
				D6C48C9019E7FDBA00E9071B /* iphc.dox */,
				D6C48C9119E7FDBA00E9071B /* iphc.h */,
				D6C48C9219E7FDBA00E9071B /* lowpan.dox */,
				D6C48C9319E7FDBA00E9071B /* openbridge.c */,
				D6C48C9419E7FDBA00E9071B /* openbridge.dox */,
				D6C48C9519E7FDBA00E9071B /* openbridge.h */,
			);
			path = "03a-IPHC";
			sourceTree = "<group>";
		};
		D6C48C9619E7FDBA00E9071B /* 03b-IPv6 */ = {
			isa = PBXGroup;
			children = (
				D6C48C9719E7FDBA00E9071B /* forwarding.c */,
				D6C48C9819E7FDBA00E9071B /* forwarding.dox */,
				D6C48C9919E7FDBA00E9071B /* forwarding.h */,
				D6C48C9A19E7FDBA00E9071B /* icmpv6.c */,
				D6C48C9B19E7FDBA00E9071B /* icmpv6.dox */,
				D6C48C9C19E7FDBA00E9071B /* icmpv6.h */,
				D6C48C9D19E7FDBA00E9071B /* icmpv6echo.c */,
				D6C48C9E19E7FDBA00E9071B /* icmpv6echo.dox */,
				D6C48C9F19E7FDBA00E9071B /* icmpv6echo.h */,
				D6C48CA019E7FDBA00E9071B /* icmpv6rpl.c */,
				D6C48CA119E7FDBA00E9071B /* icmpv6rpl.dox */,
				D6C48CA219E7FDBA00E9071B /* icmpv6rpl.h */,
				D6C48CA319E7FDBA00E9071B /* ipv6.dox */,
			);
			path = "03b-IPv6";
			sourceTree = "<group>";
		};
		D6C48CA419E7FDBA00E9071B /* 04-TRAN */ = {
			isa = PBXGroup;
			children = (
				D6C48CA519E7FDBA00E9071B /* opencoap.c */,
				D6C48CA619E7FDBA00E9071B /* opencoap.h */,
				D6C48CA719E7FDBA00E9071B /* opentcp.c */,
				D6C48CA819E7FDBA00E9071B /* opentcp.dox */,
				D6C48CA919E7FDBA00E9071B /* opentcp.h */,
				D6C48CAA19E7FDBA00E9071B /* openudp.c */,
				D6C48CAB19E7FDBA00E9071B /* openudp.dox */,
				D6C48CAC19E7FDBA00E9071B /* openudp.h */,
				D6C48CAD19E7FDBA00E9071B /* transport.dox */,
			);
			path = "04-TRAN";
			sourceTree = "<group>";
		};
		D6C48CAE19E7FDBA00E9071B /* cross-layers */ = {
			isa = PBXGroup;
			children = (
				D6C48CAF19E7FDBA00E9071B /* cross-layers.dox */,
				D6C48CB019E7FDBA00E9071B /* idmanager.c */,
				D6C48CB119E7FDBA00E9071B /* idmanager.dox */,
				D6C48CB219E7FDBA00E9071B /* idmanager.h */,
				D6C48CB319E7FDBA00E9071B /* openqueue.c */,
				D6C48CB419E7FDBA00E9071B /* openqueue.dox */,
				D6C48CB519E7FDBA00E9071B /* openqueue.h */,
				D6C48CB619E7FDBA00E9071B /* openrandom.c */,
				D6C48CB719E7FDBA00E9071B /* openrandom.dox */,
				D6C48CB819E7FDBA00E9071B /* openrandom.h */,
				D6C48CB919E7FDBA00E9071B /* packetfunctions.c */,
				D6C48CBA19E7FDBA00E9071B /* packetfunctions.dox */,
				D6C48CBB19E7FDBA00E9071B /* packetfunctions.h */,
			);
			path = "cross-layers";
			sourceTree = "<group>";
		};
/* End PBXGroup section */

/* Begin PBXProject section */
		D696503019E7FD89009E024D /* Project object */ = {
			isa = PBXProject;
			attributes = {
				LastUpgradeCheck = 0600;
			};
			buildConfigurationList = D696503319E7FD89009E024D /* Build configuration list for PBXProject "openwsn-fw" */;
			compatibilityVersion = "Xcode 3.2";
			developmentRegion = English;
			hasScannedForEncodings = 0;
			knownRegions = (
				en,
			);
			mainGroup = D696502F19E7FD89009E024D;
			projectDirPath = "";
			projectRoot = "";
			targets = (
			);
		};
/* End PBXProject section */

/* Begin XCBuildConfiguration section */
		D696503419E7FD89009E024D /* Debug */ = {
			isa = XCBuildConfiguration;
			buildSettings = {
			};
			name = Debug;
		};
		D696503519E7FD89009E024D /* Release */ = {
			isa = XCBuildConfiguration;
			buildSettings = {
			};
			name = Release;
		};
/* End XCBuildConfiguration section */

/* Begin XCConfigurationList section */
		D696503319E7FD89009E024D /* Build configuration list for PBXProject "openwsn-fw" */ = {
			isa = XCConfigurationList;
			buildConfigurations = (
				D696503419E7FD89009E024D /* Debug */,
				D696503519E7FD89009E024D /* Release */,
			);
			defaultConfigurationIsVisible = 0;
			defaultConfigurationName = Release;
		};
/* End XCConfigurationList section */
	};
	rootObject = D696503019E7FD89009E024D /* Project object */;
}
